// !$*UTF8*$!
{
	archiveVersion = 1;
	classes = {
	};
	objectVersion = 46;
	objects = {

/* Begin PBXBuildFile section */
		22CE16D81898570B00D65A19 /* Images.xcassets in Resources */ = {isa = PBXBuildFile; fileRef = 22CE16D71898570B00D65A19 /* Images.xcassets */; };
		22CE16DA1898580B00D65A19 /* QuartzCore.framework in Frameworks */ = {isa = PBXBuildFile; fileRef = 22CE16D91898580B00D65A19 /* QuartzCore.framework */; };
		22E3CFE8189864A800678862 /* DDAbstractDatabaseLogger.m in Sources */ = {isa = PBXBuildFile; fileRef = 22E3CFD9189864A800678862 /* DDAbstractDatabaseLogger.m */; };
		22E3CFE9189864A800678862 /* DDASLLogger.m in Sources */ = {isa = PBXBuildFile; fileRef = 22E3CFDB189864A800678862 /* DDASLLogger.m */; };
		22E3CFEA189864A800678862 /* DDFileLogger.m in Sources */ = {isa = PBXBuildFile; fileRef = 22E3CFDD189864A800678862 /* DDFileLogger.m */; };
		22E3CFEB189864A800678862 /* DDLog.m in Sources */ = {isa = PBXBuildFile; fileRef = 22E3CFDF189864A800678862 /* DDLog.m */; };
		22E3CFEC189864A800678862 /* DDTTYLogger.m in Sources */ = {isa = PBXBuildFile; fileRef = 22E3CFE1189864A800678862 /* DDTTYLogger.m */; };
		22E3CFED189864A800678862 /* ContextFilterLogFormatter.m in Sources */ = {isa = PBXBuildFile; fileRef = 22E3CFE4189864A800678862 /* ContextFilterLogFormatter.m */; };
		22E3CFEE189864A800678862 /* DispatchQueueLogFormatter.m in Sources */ = {isa = PBXBuildFile; fileRef = 22E3CFE6189864A800678862 /* DispatchQueueLogFormatter.m */; };
		22E3CFEF189864A800678862 /* README.txt in Resources */ = {isa = PBXBuildFile; fileRef = 22E3CFE7189864A800678862 /* README.txt */; };
		22E3CFF3189864BE00678862 /* GCDAsyncSocket.m in Sources */ = {isa = PBXBuildFile; fileRef = 22E3CFF2189864BE00678862 /* GCDAsyncSocket.m */; };
		22E3CFF5189864C600678862 /* CFNetwork.framework in Frameworks */ = {isa = PBXBuildFile; fileRef = 22E3CFF4189864C500678862 /* CFNetwork.framework */; };
		22E3CFF7189864CB00678862 /* Security.framework in Frameworks */ = {isa = PBXBuildFile; fileRef = 22E3CFF6189864CB00678862 /* Security.framework */; };
		22E3D0051898651100678862 /* NSString+DDXML.m in Sources */ = {isa = PBXBuildFile; fileRef = 22E3CFFB1898651100678862 /* NSString+DDXML.m */; };
		22E3D0061898651100678862 /* DDXMLDocument.m in Sources */ = {isa = PBXBuildFile; fileRef = 22E3CFFE1898651100678862 /* DDXMLDocument.m */; };
		22E3D0071898651100678862 /* DDXMLElement.m in Sources */ = {isa = PBXBuildFile; fileRef = 22E3D0001898651100678862 /* DDXMLElement.m */; };
		22E3D0081898651100678862 /* DDXMLNode.m in Sources */ = {isa = PBXBuildFile; fileRef = 22E3D0021898651100678862 /* DDXMLNode.m */; };
		22E3D00E189865C500678862 /* build-libidn.sh in Resources */ = {isa = PBXBuildFile; fileRef = 22E3D00A189865C500678862 /* build-libidn.sh */; };
		22E3D00F189865C500678862 /* libidn.a in Frameworks */ = {isa = PBXBuildFile; fileRef = 22E3D00C189865C500678862 /* libidn.a */; };
		22E3D0171898667200678862 /* libTestFlight.a in Frameworks */ = {isa = PBXBuildFile; fileRef = 22E3D0111898667200678862 /* libTestFlight.a */; };
		22E3D0181898667200678862 /* README.md in Resources */ = {isa = PBXBuildFile; fileRef = 22E3D0121898667200678862 /* README.md */; };
		22E3D0191898667200678862 /* release_notes.md in Resources */ = {isa = PBXBuildFile; fileRef = 22E3D0131898667200678862 /* release_notes.md */; };
		5F7C892F1790A36700018AD7 /* UIKit.framework in Frameworks */ = {isa = PBXBuildFile; fileRef = 5F7C892E1790A36700018AD7 /* UIKit.framework */; };
		5F7C89311790A36700018AD7 /* Foundation.framework in Frameworks */ = {isa = PBXBuildFile; fileRef = 5F7C89301790A36700018AD7 /* Foundation.framework */; };
		5F7C89331790A36700018AD7 /* CoreGraphics.framework in Frameworks */ = {isa = PBXBuildFile; fileRef = 5F7C89321790A36700018AD7 /* CoreGraphics.framework */; };
		5F7C89391790A36700018AD7 /* InfoPlist.strings in Resources */ = {isa = PBXBuildFile; fileRef = 5F7C89371790A36700018AD7 /* InfoPlist.strings */; };
		5F7C893B1790A36700018AD7 /* main.m in Sources */ = {isa = PBXBuildFile; fileRef = 5F7C893A1790A36700018AD7 /* main.m */; };
		5F7C893F1790A36700018AD7 /* AppDelegate.m in Sources */ = {isa = PBXBuildFile; fileRef = 5F7C893E1790A36700018AD7 /* AppDelegate.m */; };
		5F7C89571790A42400018AD7 /* Constants.m in Sources */ = {isa = PBXBuildFile; fileRef = 5F7C89551790A42400018AD7 /* Constants.m */; };
		5F7C895F1790A65000018AD7 /* Localizable.strings in Resources */ = {isa = PBXBuildFile; fileRef = 5F7C895D1790A65000018AD7 /* Localizable.strings */; };
		5F7C897C1790AF3300018AD7 /* AppViewController.m in Sources */ = {isa = PBXBuildFile; fileRef = 5F7C897A1790AF3200018AD7 /* AppViewController.m */; };
		5F7C897D1790AF3300018AD7 /* AppViewController.xib in Resources */ = {isa = PBXBuildFile; fileRef = 5F7C897B1790AF3300018AD7 /* AppViewController.xib */; };
		5F7C8982179439A700018AD7 /* Default-568h@2x.png in Resources */ = {isa = PBXBuildFile; fileRef = 5F7C8981179439A600018AD7 /* Default-568h@2x.png */; };
		5FE4263517CF8E55009F7652 /* libz.dylib in Frameworks */ = {isa = PBXBuildFile; fileRef = 5FE4263417CF8E55009F7652 /* libz.dylib */; };
/* End PBXBuildFile section */

/* Begin PBXFileReference section */
		22CE16D71898570B00D65A19 /* Images.xcassets */ = {isa = PBXFileReference; lastKnownFileType = folder.assetcatalog; path = Images.xcassets; sourceTree = "<group>"; };
		22CE16D91898580B00D65A19 /* QuartzCore.framework */ = {isa = PBXFileReference; lastKnownFileType = wrapper.framework; name = QuartzCore.framework; path = System/Library/Frameworks/QuartzCore.framework; sourceTree = SDKROOT; };
		22E3CFD8189864A800678862 /* DDAbstractDatabaseLogger.h */ = {isa = PBXFileReference; fileEncoding = 4; lastKnownFileType = sourcecode.c.h; path = DDAbstractDatabaseLogger.h; sourceTree = "<group>"; };
		22E3CFD9189864A800678862 /* DDAbstractDatabaseLogger.m */ = {isa = PBXFileReference; fileEncoding = 4; lastKnownFileType = sourcecode.c.objc; path = DDAbstractDatabaseLogger.m; sourceTree = "<group>"; };
		22E3CFDA189864A800678862 /* DDASLLogger.h */ = {isa = PBXFileReference; fileEncoding = 4; lastKnownFileType = sourcecode.c.h; path = DDASLLogger.h; sourceTree = "<group>"; };
		22E3CFDB189864A800678862 /* DDASLLogger.m */ = {isa = PBXFileReference; fileEncoding = 4; lastKnownFileType = sourcecode.c.objc; path = DDASLLogger.m; sourceTree = "<group>"; };
		22E3CFDC189864A800678862 /* DDFileLogger.h */ = {isa = PBXFileReference; fileEncoding = 4; lastKnownFileType = sourcecode.c.h; path = DDFileLogger.h; sourceTree = "<group>"; };
		22E3CFDD189864A800678862 /* DDFileLogger.m */ = {isa = PBXFileReference; fileEncoding = 4; lastKnownFileType = sourcecode.c.objc; path = DDFileLogger.m; sourceTree = "<group>"; };
		22E3CFDE189864A800678862 /* DDLog.h */ = {isa = PBXFileReference; fileEncoding = 4; lastKnownFileType = sourcecode.c.h; path = DDLog.h; sourceTree = "<group>"; };
		22E3CFDF189864A800678862 /* DDLog.m */ = {isa = PBXFileReference; fileEncoding = 4; lastKnownFileType = sourcecode.c.objc; path = DDLog.m; sourceTree = "<group>"; };
		22E3CFE0189864A800678862 /* DDTTYLogger.h */ = {isa = PBXFileReference; fileEncoding = 4; lastKnownFileType = sourcecode.c.h; path = DDTTYLogger.h; sourceTree = "<group>"; };
		22E3CFE1189864A800678862 /* DDTTYLogger.m */ = {isa = PBXFileReference; fileEncoding = 4; lastKnownFileType = sourcecode.c.objc; path = DDTTYLogger.m; sourceTree = "<group>"; };
		22E3CFE3189864A800678862 /* ContextFilterLogFormatter.h */ = {isa = PBXFileReference; fileEncoding = 4; lastKnownFileType = sourcecode.c.h; path = ContextFilterLogFormatter.h; sourceTree = "<group>"; };
		22E3CFE4189864A800678862 /* ContextFilterLogFormatter.m */ = {isa = PBXFileReference; fileEncoding = 4; lastKnownFileType = sourcecode.c.objc; path = ContextFilterLogFormatter.m; sourceTree = "<group>"; };
		22E3CFE5189864A800678862 /* DispatchQueueLogFormatter.h */ = {isa = PBXFileReference; fileEncoding = 4; lastKnownFileType = sourcecode.c.h; path = DispatchQueueLogFormatter.h; sourceTree = "<group>"; };
		22E3CFE6189864A800678862 /* DispatchQueueLogFormatter.m */ = {isa = PBXFileReference; fileEncoding = 4; lastKnownFileType = sourcecode.c.objc; path = DispatchQueueLogFormatter.m; sourceTree = "<group>"; };
		22E3CFE7189864A800678862 /* README.txt */ = {isa = PBXFileReference; fileEncoding = 4; lastKnownFileType = text; path = README.txt; sourceTree = "<group>"; };
		22E3CFF1189864BE00678862 /* GCDAsyncSocket.h */ = {isa = PBXFileReference; fileEncoding = 4; lastKnownFileType = sourcecode.c.h; path = GCDAsyncSocket.h; sourceTree = "<group>"; };
		22E3CFF2189864BE00678862 /* GCDAsyncSocket.m */ = {isa = PBXFileReference; fileEncoding = 4; lastKnownFileType = sourcecode.c.objc; path = GCDAsyncSocket.m; sourceTree = "<group>"; };
		22E3CFF4189864C500678862 /* CFNetwork.framework */ = {isa = PBXFileReference; lastKnownFileType = wrapper.framework; name = CFNetwork.framework; path = System/Library/Frameworks/CFNetwork.framework; sourceTree = SDKROOT; };
		22E3CFF6189864CB00678862 /* Security.framework */ = {isa = PBXFileReference; lastKnownFileType = wrapper.framework; name = Security.framework; path = System/Library/Frameworks/Security.framework; sourceTree = SDKROOT; };
		22E3CFFA1898651100678862 /* NSString+DDXML.h */ = {isa = PBXFileReference; fileEncoding = 4; lastKnownFileType = sourcecode.c.h; path = "NSString+DDXML.h"; sourceTree = "<group>"; };
		22E3CFFB1898651100678862 /* NSString+DDXML.m */ = {isa = PBXFileReference; fileEncoding = 4; lastKnownFileType = sourcecode.c.objc; path = "NSString+DDXML.m"; sourceTree = "<group>"; };
		22E3CFFC1898651100678862 /* DDXML.h */ = {isa = PBXFileReference; fileEncoding = 4; lastKnownFileType = sourcecode.c.h; path = DDXML.h; sourceTree = "<group>"; };
		22E3CFFD1898651100678862 /* DDXMLDocument.h */ = {isa = PBXFileReference; fileEncoding = 4; lastKnownFileType = sourcecode.c.h; path = DDXMLDocument.h; sourceTree = "<group>"; };
		22E3CFFE1898651100678862 /* DDXMLDocument.m */ = {isa = PBXFileReference; fileEncoding = 4; lastKnownFileType = sourcecode.c.objc; path = DDXMLDocument.m; sourceTree = "<group>"; };
		22E3CFFF1898651100678862 /* DDXMLElement.h */ = {isa = PBXFileReference; fileEncoding = 4; lastKnownFileType = sourcecode.c.h; path = DDXMLElement.h; sourceTree = "<group>"; };
		22E3D0001898651100678862 /* DDXMLElement.m */ = {isa = PBXFileReference; fileEncoding = 4; lastKnownFileType = sourcecode.c.objc; path = DDXMLElement.m; sourceTree = "<group>"; };
		22E3D0011898651100678862 /* DDXMLNode.h */ = {isa = PBXFileReference; fileEncoding = 4; lastKnownFileType = sourcecode.c.h; path = DDXMLNode.h; sourceTree = "<group>"; };
		22E3D0021898651100678862 /* DDXMLNode.m */ = {isa = PBXFileReference; fileEncoding = 4; lastKnownFileType = sourcecode.c.objc; path = DDXMLNode.m; sourceTree = "<group>"; };
		22E3D0041898651100678862 /* DDXMLPrivate.h */ = {isa = PBXFileReference; fileEncoding = 4; lastKnownFileType = sourcecode.c.h; path = DDXMLPrivate.h; sourceTree = "<group>"; };
		22E3D00A189865C500678862 /* build-libidn.sh */ = {isa = PBXFileReference; fileEncoding = 4; lastKnownFileType = text.script.sh; path = "build-libidn.sh"; sourceTree = "<group>"; };
		22E3D00B189865C500678862 /* idn-int.h */ = {isa = PBXFileReference; fileEncoding = 4; lastKnownFileType = sourcecode.c.h; path = "idn-int.h"; sourceTree = "<group>"; };
		22E3D00C189865C500678862 /* libidn.a */ = {isa = PBXFileReference; lastKnownFileType = archive.ar; path = libidn.a; sourceTree = "<group>"; };
		22E3D00D189865C500678862 /* stringprep.h */ = {isa = PBXFileReference; fileEncoding = 4; lastKnownFileType = sourcecode.c.h; path = stringprep.h; sourceTree = "<group>"; };
		22E3D0111898667200678862 /* libTestFlight.a */ = {isa = PBXFileReference; lastKnownFileType = archive.ar; path = libTestFlight.a; sourceTree = "<group>"; };
		22E3D0121898667200678862 /* README.md */ = {isa = PBXFileReference; fileEncoding = 4; lastKnownFileType = text; path = README.md; sourceTree = "<group>"; };
		22E3D0131898667200678862 /* release_notes.md */ = {isa = PBXFileReference; fileEncoding = 4; lastKnownFileType = text; path = release_notes.md; sourceTree = "<group>"; };
		22E3D0141898667200678862 /* TestFlight+AsyncLogging.h */ = {isa = PBXFileReference; fileEncoding = 4; lastKnownFileType = sourcecode.c.h; path = "TestFlight+AsyncLogging.h"; sourceTree = "<group>"; };
		22E3D0151898667200678862 /* TestFlight+ManualSessions.h */ = {isa = PBXFileReference; fileEncoding = 4; lastKnownFileType = sourcecode.c.h; path = "TestFlight+ManualSessions.h"; sourceTree = "<group>"; };
		22E3D0161898667200678862 /* TestFlight.h */ = {isa = PBXFileReference; fileEncoding = 4; lastKnownFileType = sourcecode.c.h; path = TestFlight.h; sourceTree = "<group>"; };
		5F7C892B1790A36700018AD7 /* GChat.app */ = {isa = PBXFileReference; explicitFileType = wrapper.application; includeInIndex = 0; path = GChat.app; sourceTree = BUILT_PRODUCTS_DIR; };
		5F7C892E1790A36700018AD7 /* UIKit.framework */ = {isa = PBXFileReference; lastKnownFileType = wrapper.framework; name = UIKit.framework; path = System/Library/Frameworks/UIKit.framework; sourceTree = SDKROOT; };
		5F7C89301790A36700018AD7 /* Foundation.framework */ = {isa = PBXFileReference; lastKnownFileType = wrapper.framework; name = Foundation.framework; path = System/Library/Frameworks/Foundation.framework; sourceTree = SDKROOT; };
		5F7C89321790A36700018AD7 /* CoreGraphics.framework */ = {isa = PBXFileReference; lastKnownFileType = wrapper.framework; name = CoreGraphics.framework; path = System/Library/Frameworks/CoreGraphics.framework; sourceTree = SDKROOT; };
		5F7C89361790A36700018AD7 /* GChat-Info.plist */ = {isa = PBXFileReference; lastKnownFileType = text.plist.xml; path = "GChat-Info.plist"; sourceTree = "<group>"; };
		5F7C89381790A36700018AD7 /* en */ = {isa = PBXFileReference; lastKnownFileType = text.plist.strings; name = en; path = en.lproj/InfoPlist.strings; sourceTree = "<group>"; };
		5F7C893A1790A36700018AD7 /* main.m */ = {isa = PBXFileReference; lastKnownFileType = sourcecode.c.objc; path = main.m; sourceTree = "<group>"; };
		5F7C893C1790A36700018AD7 /* GChat-Prefix.pch */ = {isa = PBXFileReference; lastKnownFileType = sourcecode.c.h; path = "GChat-Prefix.pch"; sourceTree = "<group>"; };
		5F7C893D1790A36700018AD7 /* AppDelegate.h */ = {isa = PBXFileReference; lastKnownFileType = sourcecode.c.h; path = AppDelegate.h; sourceTree = "<group>"; };
		5F7C893E1790A36700018AD7 /* AppDelegate.m */ = {isa = PBXFileReference; lastKnownFileType = sourcecode.c.objc; path = AppDelegate.m; sourceTree = "<group>"; };
		5F7C89541790A42400018AD7 /* Constants.h */ = {isa = PBXFileReference; fileEncoding = 4; lastKnownFileType = sourcecode.c.h; path = Constants.h; sourceTree = "<group>"; };
		5F7C89551790A42400018AD7 /* Constants.m */ = {isa = PBXFileReference; fileEncoding = 4; lastKnownFileType = sourcecode.c.objc; path = Constants.m; sourceTree = "<group>"; };
		5F7C89561790A42400018AD7 /* Functions.h */ = {isa = PBXFileReference; fileEncoding = 4; lastKnownFileType = sourcecode.c.h; path = Functions.h; sourceTree = "<group>"; };
		5F7C895E1790A65000018AD7 /* en */ = {isa = PBXFileReference; lastKnownFileType = text.plist.strings; name = en; path = en.lproj/Localizable.strings; sourceTree = "<group>"; };
		5F7C89791790AF3200018AD7 /* AppViewController.h */ = {isa = PBXFileReference; fileEncoding = 4; lastKnownFileType = sourcecode.c.h; path = AppViewController.h; sourceTree = "<group>"; };
		5F7C897A1790AF3200018AD7 /* AppViewController.m */ = {isa = PBXFileReference; fileEncoding = 4; lastKnownFileType = sourcecode.c.objc; path = AppViewController.m; sourceTree = "<group>"; };
		5F7C897B1790AF3300018AD7 /* AppViewController.xib */ = {isa = PBXFileReference; fileEncoding = 4; lastKnownFileType = file.xib; path = AppViewController.xib; sourceTree = "<group>"; };
		5F7C8981179439A600018AD7 /* Default-568h@2x.png */ = {isa = PBXFileReference; lastKnownFileType = image.png; name = "Default-568h@2x.png"; path = "../Default-568h@2x.png"; sourceTree = "<group>"; };
		5FE4263417CF8E55009F7652 /* libz.dylib */ = {isa = PBXFileReference; lastKnownFileType = "compiled.mach-o.dylib"; name = libz.dylib; path = usr/lib/libz.dylib; sourceTree = SDKROOT; };
/* End PBXFileReference section */

/* Begin PBXFrameworksBuildPhase section */
		5F7C89281790A36700018AD7 /* Frameworks */ = {
			isa = PBXFrameworksBuildPhase;
			buildActionMask = 2147483647;
			files = (
				22E3D0171898667200678862 /* libTestFlight.a in Frameworks */,
				22E3CFF7189864CB00678862 /* Security.framework in Frameworks */,
				22E3CFF5189864C600678862 /* CFNetwork.framework in Frameworks */,
				22CE16DA1898580B00D65A19 /* QuartzCore.framework in Frameworks */,
				22E3D00F189865C500678862 /* libidn.a in Frameworks */,
				5FE4263517CF8E55009F7652 /* libz.dylib in Frameworks */,
				5F7C892F1790A36700018AD7 /* UIKit.framework in Frameworks */,
				5F7C89311790A36700018AD7 /* Foundation.framework in Frameworks */,
				5F7C89331790A36700018AD7 /* CoreGraphics.framework in Frameworks */,
			);
			runOnlyForDeploymentPostprocessing = 0;
		};
/* End PBXFrameworksBuildPhase section */

/* Begin PBXGroup section */
		22E3CFD7189864A800678862 /* CocoaLumberjack */ = {
			isa = PBXGroup;
			children = (
				22E3CFD8189864A800678862 /* DDAbstractDatabaseLogger.h */,
				22E3CFD9189864A800678862 /* DDAbstractDatabaseLogger.m */,
				22E3CFDA189864A800678862 /* DDASLLogger.h */,
				22E3CFDB189864A800678862 /* DDASLLogger.m */,
				22E3CFDC189864A800678862 /* DDFileLogger.h */,
				22E3CFDD189864A800678862 /* DDFileLogger.m */,
				22E3CFDE189864A800678862 /* DDLog.h */,
				22E3CFDF189864A800678862 /* DDLog.m */,
				22E3CFE0189864A800678862 /* DDTTYLogger.h */,
				22E3CFE1189864A800678862 /* DDTTYLogger.m */,
				22E3CFE2189864A800678862 /* Extensions */,
			);
			path = CocoaLumberjack;
			sourceTree = "<group>";
		};
		22E3CFE2189864A800678862 /* Extensions */ = {
			isa = PBXGroup;
			children = (
				22E3CFE3189864A800678862 /* ContextFilterLogFormatter.h */,
				22E3CFE4189864A800678862 /* ContextFilterLogFormatter.m */,
				22E3CFE5189864A800678862 /* DispatchQueueLogFormatter.h */,
				22E3CFE6189864A800678862 /* DispatchQueueLogFormatter.m */,
				22E3CFE7189864A800678862 /* README.txt */,
			);
			path = Extensions;
			sourceTree = "<group>";
		};
		22E3CFF0189864BE00678862 /* CocoaAsyncSocket */ = {
			isa = PBXGroup;
			children = (
				22E3CFF1189864BE00678862 /* GCDAsyncSocket.h */,
				22E3CFF2189864BE00678862 /* GCDAsyncSocket.m */,
			);
			path = CocoaAsyncSocket;
			sourceTree = "<group>";
		};
		22E3CFF81898651100678862 /* KissXML */ = {
			isa = PBXGroup;
			children = (
				22E3CFF91898651100678862 /* Categories */,
				22E3CFFC1898651100678862 /* DDXML.h */,
				22E3CFFD1898651100678862 /* DDXMLDocument.h */,
				22E3CFFE1898651100678862 /* DDXMLDocument.m */,
				22E3CFFF1898651100678862 /* DDXMLElement.h */,
				22E3D0001898651100678862 /* DDXMLElement.m */,
				22E3D0011898651100678862 /* DDXMLNode.h */,
				22E3D0021898651100678862 /* DDXMLNode.m */,
				22E3D0031898651100678862 /* Private */,
			);
			path = KissXML;
			sourceTree = "<group>";
		};
		22E3CFF91898651100678862 /* Categories */ = {
			isa = PBXGroup;
			children = (
				22E3CFFA1898651100678862 /* NSString+DDXML.h */,
				22E3CFFB1898651100678862 /* NSString+DDXML.m */,
			);
			path = Categories;
			sourceTree = "<group>";
		};
		22E3D0031898651100678862 /* Private */ = {
			isa = PBXGroup;
			children = (
				22E3D0041898651100678862 /* DDXMLPrivate.h */,
			);
			path = Private;
			sourceTree = "<group>";
		};
		22E3D009189865C500678862 /* libidn */ = {
			isa = PBXGroup;
			children = (
				22E3D00A189865C500678862 /* build-libidn.sh */,
				22E3D00B189865C500678862 /* idn-int.h */,
				22E3D00C189865C500678862 /* libidn.a */,
				22E3D00D189865C500678862 /* stringprep.h */,
			);
			path = libidn;
			sourceTree = "<group>";
		};
		22E3D0101898667200678862 /* TestFlightSDK2.1.4 */ = {
			isa = PBXGroup;
			children = (
				22E3D0111898667200678862 /* libTestFlight.a */,
				22E3D0121898667200678862 /* README.md */,
				22E3D0131898667200678862 /* release_notes.md */,
				22E3D0141898667200678862 /* TestFlight+AsyncLogging.h */,
				22E3D0151898667200678862 /* TestFlight+ManualSessions.h */,
				22E3D0161898667200678862 /* TestFlight.h */,
			);
			path = TestFlightSDK2.1.4;
			sourceTree = "<group>";
		};
		5F7C89221790A36700018AD7 = {
			isa = PBXGroup;
			children = (
				5F7C89341790A36700018AD7 /* iOSProjectTemplate */,
				5F7C892D1790A36700018AD7 /* Frameworks */,
				5F7C892C1790A36700018AD7 /* Products */,
			);
			sourceTree = "<group>";
		};
		5F7C892C1790A36700018AD7 /* Products */ = {
			isa = PBXGroup;
			children = (
				5F7C892B1790A36700018AD7 /* GChat.app */,
			);
			name = Products;
			sourceTree = "<group>";
		};
		5F7C892D1790A36700018AD7 /* Frameworks */ = {
			isa = PBXGroup;
			children = (
				22E3CFF6189864CB00678862 /* Security.framework */,
				22E3CFF4189864C500678862 /* CFNetwork.framework */,
				22CE16D91898580B00D65A19 /* QuartzCore.framework */,
				5FE4263417CF8E55009F7652 /* libz.dylib */,
				5F7C892E1790A36700018AD7 /* UIKit.framework */,
				5F7C89301790A36700018AD7 /* Foundation.framework */,
				5F7C89321790A36700018AD7 /* CoreGraphics.framework */,
			);
			name = Frameworks;
			sourceTree = "<group>";
		};
		5F7C89341790A36700018AD7 /* iOSProjectTemplate */ = {
			isa = PBXGroup;
			children = (
				5F7C893D1790A36700018AD7 /* AppDelegate.h */,
				5F7C893E1790A36700018AD7 /* AppDelegate.m */,
				5F7C89791790AF3200018AD7 /* AppViewController.h */,
				5F7C897A1790AF3200018AD7 /* AppViewController.m */,
				5F7C897B1790AF3300018AD7 /* AppViewController.xib */,
				5F7C89541790A42400018AD7 /* Constants.h */,
				5F7C89551790A42400018AD7 /* Constants.m */,
				5F7C89561790A42400018AD7 /* Functions.h */,
				5F7C89731790AF0800018AD7 /* Libraries */,
				5F7C89741790AF0800018AD7 /* Models */,
				5F7C89751790AF0900018AD7 /* Resources */,
				5F7C89351790A36700018AD7 /* Supporting Files */,
				5F7C89781790AF0900018AD7 /* Views & Controllers */,
			);
			path = iOSProjectTemplate;
			sourceTree = "<group>";
		};
		5F7C89351790A36700018AD7 /* Supporting Files */ = {
			isa = PBXGroup;
			children = (
				5F7C893A1790A36700018AD7 /* main.m */,
				5F7C893C1790A36700018AD7 /* GChat-Prefix.pch */,
				5F7C89361790A36700018AD7 /* GChat-Info.plist */,
				5F7C8981179439A600018AD7 /* Default-568h@2x.png */,
				5F7C89371790A36700018AD7 /* InfoPlist.strings */,
				5F7C895D1790A65000018AD7 /* Localizable.strings */,
			);
			name = "Supporting Files";
			sourceTree = "<group>";
		};
		5F7C89731790AF0800018AD7 /* Libraries */ = {
			isa = PBXGroup;
			children = (
				22E3D0101898667200678862 /* TestFlightSDK2.1.4 */,
				22E3D009189865C500678862 /* libidn */,
				22E3CFF81898651100678862 /* KissXML */,
				22E3CFF0189864BE00678862 /* CocoaAsyncSocket */,
				22E3CFD7189864A800678862 /* CocoaLumberjack */,
			);
			path = Libraries;
			sourceTree = "<group>";
		};
		5F7C89741790AF0800018AD7 /* Models */ = {
			isa = PBXGroup;
			children = (
			);
			path = Models;
			sourceTree = "<group>";
		};
		5F7C89751790AF0900018AD7 /* Resources */ = {
			isa = PBXGroup;
			children = (
				22CE16D71898570B00D65A19 /* Images.xcassets */,
				5F7C89761790AF0900018AD7 /* fonts */,
				5F7C89771790AF0900018AD7 /* images */,
			);
			path = Resources;
			sourceTree = "<group>";
		};
		5F7C89761790AF0900018AD7 /* fonts */ = {
			isa = PBXGroup;
			children = (
			);
			path = fonts;
			sourceTree = "<group>";
		};
		5F7C89771790AF0900018AD7 /* images */ = {
			isa = PBXGroup;
			children = (
			);
			path = images;
			sourceTree = "<group>";
		};
		5F7C89781790AF0900018AD7 /* Views & Controllers */ = {
			isa = PBXGroup;
			children = (
			);
			path = "Views & Controllers";
			sourceTree = "<group>";
		};
/* End PBXGroup section */

/* Begin PBXNativeTarget section */
		5F7C892A1790A36700018AD7 /* GChat */ = {
			isa = PBXNativeTarget;
			buildConfigurationList = 5F7C89511790A36700018AD7 /* Build configuration list for PBXNativeTarget "GChat" */;
			buildPhases = (
				5F7C89271790A36700018AD7 /* Sources */,
				5F7C89281790A36700018AD7 /* Frameworks */,
				5F7C89291790A36700018AD7 /* Resources */,
			);
			buildRules = (
			);
			dependencies = (
			);
			name = GChat;
			productName = iOSProjectTemplate;
			productReference = 5F7C892B1790A36700018AD7 /* GChat.app */;
			productType = "com.apple.product-type.application";
		};
/* End PBXNativeTarget section */

/* Begin PBXProject section */
		5F7C89231790A36700018AD7 /* Project object */ = {
			isa = PBXProject;
			attributes = {
				LastUpgradeCheck = 0460;
				ORGANIZATIONNAME = Carlin;
				TargetAttributes = {
					5F7C892A1790A36700018AD7 = {
						DevelopmentTeam = 8FWA72NP3B;
					};
				};
			};
			buildConfigurationList = 5F7C89261790A36700018AD7 /* Build configuration list for PBXProject "GChat" */;
			compatibilityVersion = "Xcode 3.2";
			developmentRegion = English;
			hasScannedForEncodings = 0;
			knownRegions = (
				en,
			);
			mainGroup = 5F7C89221790A36700018AD7;
			productRefGroup = 5F7C892C1790A36700018AD7 /* Products */;
			projectDirPath = "";
			projectRoot = "";
			targets = (
				5F7C892A1790A36700018AD7 /* GChat */,
			);
		};
/* End PBXProject section */

/* Begin PBXResourcesBuildPhase section */
		5F7C89291790A36700018AD7 /* Resources */ = {
			isa = PBXResourcesBuildPhase;
			buildActionMask = 2147483647;
			files = (
				22E3D0191898667200678862 /* release_notes.md in Resources */,
				5F7C89391790A36700018AD7 /* InfoPlist.strings in Resources */,
				22CE16D81898570B00D65A19 /* Images.xcassets in Resources */,
				5F7C895F1790A65000018AD7 /* Localizable.strings in Resources */,
				5F7C897D1790AF3300018AD7 /* AppViewController.xib in Resources */,
				22E3D00E189865C500678862 /* build-libidn.sh in Resources */,
				5F7C8982179439A700018AD7 /* Default-568h@2x.png in Resources */,
				22E3D0181898667200678862 /* README.md in Resources */,
				22E3CFEF189864A800678862 /* README.txt in Resources */,
			);
			runOnlyForDeploymentPostprocessing = 0;
		};
/* End PBXResourcesBuildPhase section */

/* Begin PBXSourcesBuildPhase section */
		5F7C89271790A36700018AD7 /* Sources */ = {
			isa = PBXSourcesBuildPhase;
			buildActionMask = 2147483647;
			files = (
				22E3CFF3189864BE00678862 /* GCDAsyncSocket.m in Sources */,
				5F7C893B1790A36700018AD7 /* main.m in Sources */,
				5F7C893F1790A36700018AD7 /* AppDelegate.m in Sources */,
				22E3CFE9189864A800678862 /* DDASLLogger.m in Sources */,
				22E3D0061898651100678862 /* DDXMLDocument.m in Sources */,
				22E3D0081898651100678862 /* DDXMLNode.m in Sources */,
				22E3CFED189864A800678862 /* ContextFilterLogFormatter.m in Sources */,
				22E3D0051898651100678862 /* NSString+DDXML.m in Sources */,
				22E3CFEC189864A800678862 /* DDTTYLogger.m in Sources */,
				22E3D0071898651100678862 /* DDXMLElement.m in Sources */,
				22E3CFEA189864A800678862 /* DDFileLogger.m in Sources */,
				22E3CFEB189864A800678862 /* DDLog.m in Sources */,
				5F7C89571790A42400018AD7 /* Constants.m in Sources */,
				22E3CFEE189864A800678862 /* DispatchQueueLogFormatter.m in Sources */,
				5F7C897C1790AF3300018AD7 /* AppViewController.m in Sources */,
				22E3CFE8189864A800678862 /* DDAbstractDatabaseLogger.m in Sources */,
			);
			runOnlyForDeploymentPostprocessing = 0;
		};
/* End PBXSourcesBuildPhase section */

/* Begin PBXVariantGroup section */
		5F7C89371790A36700018AD7 /* InfoPlist.strings */ = {
			isa = PBXVariantGroup;
			children = (
				5F7C89381790A36700018AD7 /* en */,
			);
			name = InfoPlist.strings;
			sourceTree = "<group>";
		};
		5F7C895D1790A65000018AD7 /* Localizable.strings */ = {
			isa = PBXVariantGroup;
			children = (
				5F7C895E1790A65000018AD7 /* en */,
			);
			name = Localizable.strings;
			sourceTree = "<group>";
		};
/* End PBXVariantGroup section */

/* Begin XCBuildConfiguration section */
		5F7C894F1790A36700018AD7 /* Debug */ = {
			isa = XCBuildConfiguration;
			buildSettings = {
				ALWAYS_SEARCH_USER_PATHS = NO;
				CLANG_CXX_LANGUAGE_STANDARD = "gnu++0x";
				CLANG_CXX_LIBRARY = "libc++";
				CLANG_ENABLE_OBJC_ARC = YES;
				CLANG_WARN_CONSTANT_CONVERSION = YES;
				CLANG_WARN_EMPTY_BODY = YES;
				CLANG_WARN_ENUM_CONVERSION = YES;
				CLANG_WARN_INT_CONVERSION = YES;
				CLANG_WARN__DUPLICATE_METHOD_MATCH = YES;
				CODE_SIGN_IDENTITY = "iPhone Developer: Carlin Yuen (CB7P22G8XW)";
				"CODE_SIGN_IDENTITY[sdk=iphoneos*]" = "iPhone Developer";
				COPY_PHASE_STRIP = NO;
				GCC_C_LANGUAGE_STANDARD = gnu99;
				GCC_DYNAMIC_NO_PIC = NO;
				GCC_OPTIMIZATION_LEVEL = 0;
				GCC_PREPROCESSOR_DEFINITIONS = (
					"DEBUG=1",
					"$(inherited)",
				);
				GCC_SYMBOLS_PRIVATE_EXTERN = NO;
				GCC_WARN_ABOUT_RETURN_TYPE = YES;
				GCC_WARN_UNINITIALIZED_AUTOS = YES;
				GCC_WARN_UNUSED_VARIABLE = YES;
				HEADER_SEARCH_PATHS = (
					"$(inherited)",
					/Applications/Xcode.app/Contents/Developer/Toolchains/XcodeDefault.xctoolchain/usr/include,
					/usr/include/libxml2,
				);
				IPHONEOS_DEPLOYMENT_TARGET = 6.0;
				ONLY_ACTIVE_ARCH = YES;
				OTHER_LDFLAGS = "-lxml2";
				PROVISIONING_PROFILE = "E907CEC3-3A5A-4071-B5FF-2C9418AA5906";
				SDKROOT = iphoneos;
				TARGETED_DEVICE_FAMILY = "1,2";
			};
			name = Debug;
		};
		5F7C89501790A36700018AD7 /* Release */ = {
			isa = XCBuildConfiguration;
			buildSettings = {
				ALWAYS_SEARCH_USER_PATHS = NO;
				CLANG_CXX_LANGUAGE_STANDARD = "gnu++0x";
				CLANG_CXX_LIBRARY = "libc++";
				CLANG_ENABLE_OBJC_ARC = YES;
				CLANG_WARN_CONSTANT_CONVERSION = YES;
				CLANG_WARN_EMPTY_BODY = YES;
				CLANG_WARN_ENUM_CONVERSION = YES;
				CLANG_WARN_INT_CONVERSION = YES;
				CLANG_WARN__DUPLICATE_METHOD_MATCH = YES;
				CODE_SIGN_IDENTITY = "iPhone Distribution: Carlin Yuen (8FWA72NP3B)";
				"CODE_SIGN_IDENTITY[sdk=iphoneos*]" = "iPhone Developer";
				COPY_PHASE_STRIP = YES;
				GCC_C_LANGUAGE_STANDARD = gnu99;
				GCC_WARN_ABOUT_RETURN_TYPE = YES;
				GCC_WARN_UNINITIALIZED_AUTOS = YES;
				GCC_WARN_UNUSED_VARIABLE = YES;
				HEADER_SEARCH_PATHS = (
					"$(inherited)",
					/Applications/Xcode.app/Contents/Developer/Toolchains/XcodeDefault.xctoolchain/usr/include,
					/usr/include/libxml2,
				);
				IPHONEOS_DEPLOYMENT_TARGET = 6.0;
				OTHER_CFLAGS = "-DNS_BLOCK_ASSERTIONS=1";
				OTHER_LDFLAGS = "-lxml2";
				PROVISIONING_PROFILE = "39F9E1B9-453C-4221-89CE-E23ADD3EF652";
				SDKROOT = iphoneos;
				TARGETED_DEVICE_FAMILY = "1,2";
				VALIDATE_PRODUCT = YES;
			};
			name = Release;
		};
		5F7C89521790A36700018AD7 /* Debug */ = {
			isa = XCBuildConfiguration;
			buildSettings = {
				ASSETCATALOG_COMPILER_APPICON_NAME = AppIcon;
				ASSETCATALOG_COMPILER_LAUNCHIMAGE_NAME = LaunchImage;
				CODE_SIGN_IDENTITY = "iPhone Developer";
				GCC_PRECOMPILE_PREFIX_HEADER = YES;
				GCC_PREFIX_HEADER = "iOSProjectTemplate/GChat-Prefix.pch";
				INFOPLIST_FILE = "iOSProjectTemplate/GChat-Info.plist";
				IPHONEOS_DEPLOYMENT_TARGET = 6.0;
				LIBRARY_SEARCH_PATHS = (
					"$(inherited)",
					"$(SRCROOT)/iOSProjectTemplate/Libraries/libidn",
					"$(SRCROOT)/iOSProjectTemplate/Libraries/TestFlightSDK2.1.4",
				);
				PRODUCT_NAME = GChat;
				PROVISIONING_PROFILE = "E907CEC3-3A5A-4071-B5FF-2C9418AA5906";
				TARGETED_DEVICE_FAMILY = 1;
				WRAPPER_EXTENSION = app;
			};
			name = Debug;
		};
		5F7C89531790A36700018AD7 /* Release */ = {
			isa = XCBuildConfiguration;
			buildSettings = {
				ASSETCATALOG_COMPILER_APPICON_NAME = AppIcon;
				ASSETCATALOG_COMPILER_LAUNCHIMAGE_NAME = LaunchImage;
				CODE_SIGN_IDENTITY = "iPhone Developer";
				GCC_PRECOMPILE_PREFIX_HEADER = YES;
				GCC_PREFIX_HEADER = "iOSProjectTemplate/GChat-Prefix.pch";
				INFOPLIST_FILE = "iOSProjectTemplate/GChat-Info.plist";
				IPHONEOS_DEPLOYMENT_TARGET = 6.0;
				LIBRARY_SEARCH_PATHS = (
					"$(inherited)",
					"$(SRCROOT)/iOSProjectTemplate/Libraries/libidn",
					"$(SRCROOT)/iOSProjectTemplate/Libraries/TestFlightSDK2.1.4",
				);
				PRODUCT_NAME = GChat;
				PROVISIONING_PROFILE = "39F9E1B9-453C-4221-89CE-E23ADD3EF652";
				TARGETED_DEVICE_FAMILY = 1;
				WRAPPER_EXTENSION = app;
			};
			name = Release;
		};
/* End XCBuildConfiguration section */

/* Begin XCConfigurationList section */
		5F7C89261790A36700018AD7 /* Build configuration list for PBXProject "GChat" */ = {
			isa = XCConfigurationList;
			buildConfigurations = (
				5F7C894F1790A36700018AD7 /* Debug */,
				5F7C89501790A36700018AD7 /* Release */,
			);
			defaultConfigurationIsVisible = 0;
			defaultConfigurationName = Release;
		};
		5F7C89511790A36700018AD7 /* Build configuration list for PBXNativeTarget "GChat" */ = {
			isa = XCConfigurationList;
			buildConfigurations = (
				5F7C89521790A36700018AD7 /* Debug */,
				5F7C89531790A36700018AD7 /* Release */,
			);
			defaultConfigurationIsVisible = 0;
			defaultConfigurationName = Release;
		};
/* End XCConfigurationList section */
	};
	rootObject = 5F7C89231790A36700018AD7 /* Project object */;
}
